
Microsoft Visual Studio Solution File, Format Version 12.00
# Visual Studio Version 16
VisualStudioVersion = 16.0.33214.272
MinimumVisualStudioVersion = 10.0.40219.1
Project("{FAE04EC0-301F-11D3-BF4B-00C04F79EFBC}") = "TernaryOperatorChallenge", "TernaryOperatorChallenge\TernaryOperatorChallenge.csproj", "{4C15A9A9-8328-44CA-A65E-7DB93E6B87F7}"
EndProject
Global
	GlobalSection(SolutionConfigurationPlatforms) = preSolution
		Debug|Any CPU = Debug|Any CPU
		Release|Any CPU = Release|Any CPU
	EndGlobalSection
	GlobalSection(ProjectConfigurationPlatforms) = postSolution
		{4C15A9A9-8328-44CA-A65E-7DB93E6B87F7}.Debug|Any CPU.ActiveCfg = Debug|Any CPU
		{4C15A9A9-8328-44CA-A65E-7DB93E6B87F7}.Debug|Any CPU.Build.0 = Debug|Any CPU
		{4C15A9A9-8328-44CA-A65E-7DB93E6B87F7}.Release|Any CPU.ActiveCfg = Release|Any CPU
		{4C15A9A9-8328-44CA-A65E-7DB93E6B87F7}.Release|Any CPU.Build.0 = Release|Any CPU
	EndGlobalSection
	GlobalSection(SolutionProperties) = preSolution
		HideSolutionNode = FALSE
	EndGlobalSection
	GlobalSection(ExtensibilityGlobals) = postSolution
		SolutionGuid = {C809141C-6210-4AFC-9FB9-C30CF5552A87}
	EndGlobalSection
EndGlobal
