
Microsoft Visual Studio Solution File, Format Version 12.00
# Visual Studio Version 16
VisualStudioVersion = 16.0.33801.447
MinimumVisualStudioVersion = 10.0.40219.1
Project("{FAE04EC0-301F-11D3-BF4B-00C04F79EFBC}") = "Module11_tutorial", "Module11_tutorial\Module11_tutorial.csproj", "{1C4A4AB0-E9B1-42BC-B19F-0923879BE85B}"
EndProject
Global
	GlobalSection(SolutionConfigurationPlatforms) = preSolution
		Debug|Any CPU = Debug|Any CPU
		Release|Any CPU = Release|Any CPU
	EndGlobalSection
	GlobalSection(ProjectConfigurationPlatforms) = postSolution
		{1C4A4AB0-E9B1-42BC-B19F-0923879BE85B}.Debug|Any CPU.ActiveCfg = Debug|Any CPU
		{1C4A4AB0-E9B1-42BC-B19F-0923879BE85B}.Debug|Any CPU.Build.0 = Debug|Any CPU
		{1C4A4AB0-E9B1-42BC-B19F-0923879BE85B}.Release|Any CPU.ActiveCfg = Release|Any CPU
		{1C4A4AB0-E9B1-42BC-B19F-0923879BE85B}.Release|Any CPU.Build.0 = Release|Any CPU
	EndGlobalSection
	GlobalSection(SolutionProperties) = preSolution
		HideSolutionNode = FALSE
	EndGlobalSection
	GlobalSection(ExtensibilityGlobals) = postSolution
		SolutionGuid = {BBB88787-2504-4966-8C9D-53D387235995}
	EndGlobalSection
EndGlobal
