
Microsoft Visual Studio Solution File, Format Version 12.00
# Visual Studio Version 16
VisualStudioVersion = 16.0.33214.272
MinimumVisualStudioVersion = 10.0.40219.1
Project("{FAE04EC0-301F-11D3-BF4B-00C04F79EFBC}") = "AcmeAccountingAppe", "AcmeAccountingAppe\AcmeAccountingAppe.csproj", "{F92FF135-AAB4-4142-B49C-C7AD43BED705}"
EndProject
Global
	GlobalSection(SolutionConfigurationPlatforms) = preSolution
		Debug|Any CPU = Debug|Any CPU
		Release|Any CPU = Release|Any CPU
	EndGlobalSection
	GlobalSection(ProjectConfigurationPlatforms) = postSolution
		{F92FF135-AAB4-4142-B49C-C7AD43BED705}.Debug|Any CPU.ActiveCfg = Debug|Any CPU
		{F92FF135-AAB4-4142-B49C-C7AD43BED705}.Debug|Any CPU.Build.0 = Debug|Any CPU
		{F92FF135-AAB4-4142-B49C-C7AD43BED705}.Release|Any CPU.ActiveCfg = Release|Any CPU
		{F92FF135-AAB4-4142-B49C-C7AD43BED705}.Release|Any CPU.Build.0 = Release|Any CPU
	EndGlobalSection
	GlobalSection(SolutionProperties) = preSolution
		HideSolutionNode = FALSE
	EndGlobalSection
	GlobalSection(ExtensibilityGlobals) = postSolution
		SolutionGuid = {D1877A9C-743C-4741-882F-349EA9C7AB31}
	EndGlobalSection
EndGlobal
