
Microsoft Visual Studio Solution File, Format Version 12.00
# Visual Studio Version 16
VisualStudioVersion = 16.0.33214.272
MinimumVisualStudioVersion = 10.0.40219.1
Project("{FAE04EC0-301F-11D3-BF4B-00C04F79EFBC}") = "VariablesAndDataTypes", "VariablesAndDataTypes\VariablesAndDataTypes.csproj", "{785C6DE7-82F2-46DE-BF91-47C6B5B67670}"
EndProject
Global
	GlobalSection(SolutionConfigurationPlatforms) = preSolution
		Debug|Any CPU = Debug|Any CPU
		Release|Any CPU = Release|Any CPU
	EndGlobalSection
	GlobalSection(ProjectConfigurationPlatforms) = postSolution
		{785C6DE7-82F2-46DE-BF91-47C6B5B67670}.Debug|Any CPU.ActiveCfg = Debug|Any CPU
		{785C6DE7-82F2-46DE-BF91-47C6B5B67670}.Debug|Any CPU.Build.0 = Debug|Any CPU
		{785C6DE7-82F2-46DE-BF91-47C6B5B67670}.Release|Any CPU.ActiveCfg = Release|Any CPU
		{785C6DE7-82F2-46DE-BF91-47C6B5B67670}.Release|Any CPU.Build.0 = Release|Any CPU
	EndGlobalSection
	GlobalSection(SolutionProperties) = preSolution
		HideSolutionNode = FALSE
	EndGlobalSection
	GlobalSection(ExtensibilityGlobals) = postSolution
		SolutionGuid = {2F058E89-E152-4639-85E6-E7CCF68C5BBD}
	EndGlobalSection
EndGlobal
