
Microsoft Visual Studio Solution File, Format Version 12.00
# Visual Studio Version 16
VisualStudioVersion = 16.0.33214.272
MinimumVisualStudioVersion = 10.0.40219.1
Project("{FAE04EC0-301F-11D3-BF4B-00C04F79EFBC}") = "AbstractClassesAssignment", "AbstractClassesAssignment\AbstractClassesAssignment.csproj", "{6E7268A3-B392-4D99-AA1D-9B19C6B1A02E}"
EndProject
Global
	GlobalSection(SolutionConfigurationPlatforms) = preSolution
		Debug|Any CPU = Debug|Any CPU
		Release|Any CPU = Release|Any CPU
	EndGlobalSection
	GlobalSection(ProjectConfigurationPlatforms) = postSolution
		{6E7268A3-B392-4D99-AA1D-9B19C6B1A02E}.Debug|Any CPU.ActiveCfg = Debug|Any CPU
		{6E7268A3-B392-4D99-AA1D-9B19C6B1A02E}.Debug|Any CPU.Build.0 = Debug|Any CPU
		{6E7268A3-B392-4D99-AA1D-9B19C6B1A02E}.Release|Any CPU.ActiveCfg = Release|Any CPU
		{6E7268A3-B392-4D99-AA1D-9B19C6B1A02E}.Release|Any CPU.Build.0 = Release|Any CPU
	EndGlobalSection
	GlobalSection(SolutionProperties) = preSolution
		HideSolutionNode = FALSE
	EndGlobalSection
	GlobalSection(ExtensibilityGlobals) = postSolution
		SolutionGuid = {8BA487E1-EB5C-4041-8BF9-F68692521614}
	EndGlobalSection
EndGlobal
