
Microsoft Visual Studio Solution File, Format Version 12.00
# Visual Studio Version 16
VisualStudioVersion = 16.0.33214.272
MinimumVisualStudioVersion = 10.0.40219.1
Project("{FAE04EC0-301F-11D3-BF4B-00C04F79EFBC}") = "ConsoleAppAssignmentModule12", "ConsoleAppAssignmentModule12\ConsoleAppAssignmentModule12.csproj", "{5F086F59-0036-423F-B689-B9251E565FDC}"
EndProject
Global
	GlobalSection(SolutionConfigurationPlatforms) = preSolution
		Debug|Any CPU = Debug|Any CPU
		Release|Any CPU = Release|Any CPU
	EndGlobalSection
	GlobalSection(ProjectConfigurationPlatforms) = postSolution
		{5F086F59-0036-423F-B689-B9251E565FDC}.Debug|Any CPU.ActiveCfg = Debug|Any CPU
		{5F086F59-0036-423F-B689-B9251E565FDC}.Debug|Any CPU.Build.0 = Debug|Any CPU
		{5F086F59-0036-423F-B689-B9251E565FDC}.Release|Any CPU.ActiveCfg = Release|Any CPU
		{5F086F59-0036-423F-B689-B9251E565FDC}.Release|Any CPU.Build.0 = Release|Any CPU
	EndGlobalSection
	GlobalSection(SolutionProperties) = preSolution
		HideSolutionNode = FALSE
	EndGlobalSection
	GlobalSection(ExtensibilityGlobals) = postSolution
		SolutionGuid = {51DBD74E-DAF8-4849-A0C7-D0B7032632CF}
	EndGlobalSection
EndGlobal
