
Microsoft Visual Studio Solution File, Format Version 12.00
# Visual Studio Version 16
VisualStudioVersion = 16.0.33214.272
MinimumVisualStudioVersion = 10.0.40219.1
Project("{FAE04EC0-301F-11D3-BF4B-00C04F79EFBC}") = "IterationTutorial", "IterationTutorial\IterationTutorial.csproj", "{3BB758C2-4F07-494D-B2E7-AD799FFE32E8}"
EndProject
Global
	GlobalSection(SolutionConfigurationPlatforms) = preSolution
		Debug|Any CPU = Debug|Any CPU
		Release|Any CPU = Release|Any CPU
	EndGlobalSection
	GlobalSection(ProjectConfigurationPlatforms) = postSolution
		{3BB758C2-4F07-494D-B2E7-AD799FFE32E8}.Debug|Any CPU.ActiveCfg = Debug|Any CPU
		{3BB758C2-4F07-494D-B2E7-AD799FFE32E8}.Debug|Any CPU.Build.0 = Debug|Any CPU
		{3BB758C2-4F07-494D-B2E7-AD799FFE32E8}.Release|Any CPU.ActiveCfg = Release|Any CPU
		{3BB758C2-4F07-494D-B2E7-AD799FFE32E8}.Release|Any CPU.Build.0 = Release|Any CPU
	EndGlobalSection
	GlobalSection(SolutionProperties) = preSolution
		HideSolutionNode = FALSE
	EndGlobalSection
	GlobalSection(ExtensibilityGlobals) = postSolution
		SolutionGuid = {5B3541E3-D69A-4925-AC70-A07B6961F471}
	EndGlobalSection
EndGlobal
