
Microsoft Visual Studio Solution File, Format Version 12.00
# Visual Studio Version 16
VisualStudioVersion = 16.0.33214.272
MinimumVisualStudioVersion = 10.0.40219.1
Project("{FAE04EC0-301F-11D3-BF4B-00C04F79EFBC}") = "AnonymousIncomeComparisonProgram", "AnonymousIncomeComparisonProgram\AnonymousIncomeComparisonProgram.csproj", "{E2856ED9-A350-4A3C-8BB6-3CF1942BF6E1}"
EndProject
Global
	GlobalSection(SolutionConfigurationPlatforms) = preSolution
		Debug|Any CPU = Debug|Any CPU
		Release|Any CPU = Release|Any CPU
	EndGlobalSection
	GlobalSection(ProjectConfigurationPlatforms) = postSolution
		{E2856ED9-A350-4A3C-8BB6-3CF1942BF6E1}.Debug|Any CPU.ActiveCfg = Debug|Any CPU
		{E2856ED9-A350-4A3C-8BB6-3CF1942BF6E1}.Debug|Any CPU.Build.0 = Debug|Any CPU
		{E2856ED9-A350-4A3C-8BB6-3CF1942BF6E1}.Release|Any CPU.ActiveCfg = Release|Any CPU
		{E2856ED9-A350-4A3C-8BB6-3CF1942BF6E1}.Release|Any CPU.Build.0 = Release|Any CPU
	EndGlobalSection
	GlobalSection(SolutionProperties) = preSolution
		HideSolutionNode = FALSE
	EndGlobalSection
	GlobalSection(ExtensibilityGlobals) = postSolution
		SolutionGuid = {47B916A8-72C0-40DF-B87B-2860BE2C8B64}
	EndGlobalSection
EndGlobal
