
Microsoft Visual Studio Solution File, Format Version 12.00
# Visual Studio Version 16
VisualStudioVersion = 16.0.33214.272
MinimumVisualStudioVersion = 10.0.40219.1
Project("{FAE04EC0-301F-11D3-BF4B-00C04F79EFBC}") = "Parameters (Generics) Assignment", "Parameters (Generics) Assignment\Parameters (Generics) Assignment.csproj", "{06426849-687C-4232-8878-C4217F540A54}"
EndProject
Global
	GlobalSection(SolutionConfigurationPlatforms) = preSolution
		Debug|Any CPU = Debug|Any CPU
		Release|Any CPU = Release|Any CPU
	EndGlobalSection
	GlobalSection(ProjectConfigurationPlatforms) = postSolution
		{06426849-687C-4232-8878-C4217F540A54}.Debug|Any CPU.ActiveCfg = Debug|Any CPU
		{06426849-687C-4232-8878-C4217F540A54}.Debug|Any CPU.Build.0 = Debug|Any CPU
		{06426849-687C-4232-8878-C4217F540A54}.Release|Any CPU.ActiveCfg = Release|Any CPU
		{06426849-687C-4232-8878-C4217F540A54}.Release|Any CPU.Build.0 = Release|Any CPU
	EndGlobalSection
	GlobalSection(SolutionProperties) = preSolution
		HideSolutionNode = FALSE
	EndGlobalSection
	GlobalSection(ExtensibilityGlobals) = postSolution
		SolutionGuid = {192609E6-BFD4-42BF-8B45-A67D3BDD24C5}
	EndGlobalSection
EndGlobal
