
Microsoft Visual Studio Solution File, Format Version 12.00
# Visual Studio Version 16
VisualStudioVersion = 16.0.33214.272
MinimumVisualStudioVersion = 10.0.40219.1
Project("{FAE04EC0-301F-11D3-BF4B-00C04F79EFBC}") = "Module4_MethodClassSubmission", "Module4_MethodClassSubmission\Module4_MethodClassSubmission.csproj", "{3E9F5BC8-2E22-4FCB-BBC0-A05839D2192C}"
EndProject
Global
	GlobalSection(SolutionConfigurationPlatforms) = preSolution
		Debug|Any CPU = Debug|Any CPU
		Release|Any CPU = Release|Any CPU
	EndGlobalSection
	GlobalSection(ProjectConfigurationPlatforms) = postSolution
		{3E9F5BC8-2E22-4FCB-BBC0-A05839D2192C}.Debug|Any CPU.ActiveCfg = Debug|Any CPU
		{3E9F5BC8-2E22-4FCB-BBC0-A05839D2192C}.Debug|Any CPU.Build.0 = Debug|Any CPU
		{3E9F5BC8-2E22-4FCB-BBC0-A05839D2192C}.Release|Any CPU.ActiveCfg = Release|Any CPU
		{3E9F5BC8-2E22-4FCB-BBC0-A05839D2192C}.Release|Any CPU.Build.0 = Release|Any CPU
	EndGlobalSection
	GlobalSection(SolutionProperties) = preSolution
		HideSolutionNode = FALSE
	EndGlobalSection
	GlobalSection(ExtensibilityGlobals) = postSolution
		SolutionGuid = {5FDCAC7E-1867-457D-893C-DD803E89916D}
	EndGlobalSection
EndGlobal
