
Microsoft Visual Studio Solution File, Format Version 12.00
# Visual Studio Version 16
VisualStudioVersion = 16.0.33214.272
MinimumVisualStudioVersion = 10.0.40219.1
Project("{FAE04EC0-301F-11D3-BF4B-00C04F79EFBC}") = "Lambda Expression Assignment", "Lambda Expression Assignment\Lambda Expression Assignment.csproj", "{8265F448-0F3F-4DE8-84D7-62AAC616CCA9}"
EndProject
Global
	GlobalSection(SolutionConfigurationPlatforms) = preSolution
		Debug|Any CPU = Debug|Any CPU
		Release|Any CPU = Release|Any CPU
	EndGlobalSection
	GlobalSection(ProjectConfigurationPlatforms) = postSolution
		{8265F448-0F3F-4DE8-84D7-62AAC616CCA9}.Debug|Any CPU.ActiveCfg = Debug|Any CPU
		{8265F448-0F3F-4DE8-84D7-62AAC616CCA9}.Debug|Any CPU.Build.0 = Debug|Any CPU
		{8265F448-0F3F-4DE8-84D7-62AAC616CCA9}.Release|Any CPU.ActiveCfg = Release|Any CPU
		{8265F448-0F3F-4DE8-84D7-62AAC616CCA9}.Release|Any CPU.Build.0 = Release|Any CPU
	EndGlobalSection
	GlobalSection(SolutionProperties) = preSolution
		HideSolutionNode = FALSE
	EndGlobalSection
	GlobalSection(ExtensibilityGlobals) = postSolution
		SolutionGuid = {AACBCF6B-D9B5-46A2-B86D-5944F4940558}
	EndGlobalSection
EndGlobal
