
Microsoft Visual Studio Solution File, Format Version 12.00
# Visual Studio Version 16
VisualStudioVersion = 16.0.33214.272
MinimumVisualStudioVersion = 10.0.40219.1
Project("{FAE04EC0-301F-11D3-BF4B-00C04F79EFBC}") = "BranchingTutorial", "BranchingTutorial\BranchingTutorial.csproj", "{18B3DAE2-F8EC-4657-9257-98F25EA1226A}"
EndProject
Global
	GlobalSection(SolutionConfigurationPlatforms) = preSolution
		Debug|Any CPU = Debug|Any CPU
		Release|Any CPU = Release|Any CPU
	EndGlobalSection
	GlobalSection(ProjectConfigurationPlatforms) = postSolution
		{18B3DAE2-F8EC-4657-9257-98F25EA1226A}.Debug|Any CPU.ActiveCfg = Debug|Any CPU
		{18B3DAE2-F8EC-4657-9257-98F25EA1226A}.Debug|Any CPU.Build.0 = Debug|Any CPU
		{18B3DAE2-F8EC-4657-9257-98F25EA1226A}.Release|Any CPU.ActiveCfg = Release|Any CPU
		{18B3DAE2-F8EC-4657-9257-98F25EA1226A}.Release|Any CPU.Build.0 = Release|Any CPU
	EndGlobalSection
	GlobalSection(SolutionProperties) = preSolution
		HideSolutionNode = FALSE
	EndGlobalSection
	GlobalSection(ExtensibilityGlobals) = postSolution
		SolutionGuid = {53BF8029-6468-44BE-8A43-D68095F3594B}
	EndGlobalSection
EndGlobal
